
Microsoft Visual Studio Solution File, Format Version 12.00
# Visual Studio Version 17
VisualStudioVersion = 17.9.34728.123
MinimumVisualStudioVersion = 10.0.40219.1
Project("{2150E333-8FDC-42A3-9474-1A3956D46DE8}") = "src", "src", "{4E8BBF7E-B760-4181-A2FD-84D526BF39B1}"
EndProject
Project("{9A19103F-16F7-4668-BE54-9A1E7A4F7556}") = "SoftServe_TestProject.Domain", "src\SoftServe_TestProject.Domain\SoftServe_TestProject.Domain.csproj", "{07AC695F-BB9D-48FD-922B-729E7FD2F8D1}"
EndProject
Project("{9A19103F-16F7-4668-BE54-9A1E7A4F7556}") = "SoftServe_TestProject.Data", "src\SoftServe_TestProject.Data\SoftServe_TestProject.Data.csproj", "{2211A28F-A5BC-4602-92B5-42C03C141DD8}"
EndProject
Project("{FAE04EC0-301F-11D3-BF4B-00C04F79EFBC}") = "SoftServe_TestProject.API", "src\SoftServe_TestProject.API\SoftServe_TestProject.API.csproj", "{ADB08B90-1675-4438-AEDD-5C6E9EAB013B}"
EndProject
Project("{FAE04EC0-301F-11D3-BF4B-00C04F79EFBC}") = "SoftServe_TestProject.Application", "src\SoftServe_TestProject.Application\SoftServe_TestProject.Application.csproj", "{55F0052E-19CC-4CB5-AB5D-AB55FF753F66}"
EndProject
Global
	GlobalSection(SolutionConfigurationPlatforms) = preSolution
		Debug|Any CPU = Debug|Any CPU
		Release|Any CPU = Release|Any CPU
	EndGlobalSection
	GlobalSection(ProjectConfigurationPlatforms) = postSolution
		{07AC695F-BB9D-48FD-922B-729E7FD2F8D1}.Debug|Any CPU.ActiveCfg = Debug|Any CPU
		{07AC695F-BB9D-48FD-922B-729E7FD2F8D1}.Debug|Any CPU.Build.0 = Debug|Any CPU
		{07AC695F-BB9D-48FD-922B-729E7FD2F8D1}.Release|Any CPU.ActiveCfg = Release|Any CPU
		{07AC695F-BB9D-48FD-922B-729E7FD2F8D1}.Release|Any CPU.Build.0 = Release|Any CPU
		{2211A28F-A5BC-4602-92B5-42C03C141DD8}.Debug|Any CPU.ActiveCfg = Debug|Any CPU
		{2211A28F-A5BC-4602-92B5-42C03C141DD8}.Debug|Any CPU.Build.0 = Debug|Any CPU
		{2211A28F-A5BC-4602-92B5-42C03C141DD8}.Release|Any CPU.ActiveCfg = Release|Any CPU
		{2211A28F-A5BC-4602-92B5-42C03C141DD8}.Release|Any CPU.Build.0 = Release|Any CPU
		{ADB08B90-1675-4438-AEDD-5C6E9EAB013B}.Debug|Any CPU.ActiveCfg = Debug|Any CPU
		{ADB08B90-1675-4438-AEDD-5C6E9EAB013B}.Debug|Any CPU.Build.0 = Debug|Any CPU
		{ADB08B90-1675-4438-AEDD-5C6E9EAB013B}.Release|Any CPU.ActiveCfg = Release|Any CPU
		{ADB08B90-1675-4438-AEDD-5C6E9EAB013B}.Release|Any CPU.Build.0 = Release|Any CPU
		{55F0052E-19CC-4CB5-AB5D-AB55FF753F66}.Debug|Any CPU.ActiveCfg = Debug|Any CPU
		{55F0052E-19CC-4CB5-AB5D-AB55FF753F66}.Debug|Any CPU.Build.0 = Debug|Any CPU
		{55F0052E-19CC-4CB5-AB5D-AB55FF753F66}.Release|Any CPU.ActiveCfg = Release|Any CPU
		{55F0052E-19CC-4CB5-AB5D-AB55FF753F66}.Release|Any CPU.Build.0 = Release|Any CPU
	EndGlobalSection
	GlobalSection(SolutionProperties) = preSolution
		HideSolutionNode = FALSE
	EndGlobalSection
	GlobalSection(NestedProjects) = preSolution
		{07AC695F-BB9D-48FD-922B-729E7FD2F8D1} = {4E8BBF7E-B760-4181-A2FD-84D526BF39B1}
		{2211A28F-A5BC-4602-92B5-42C03C141DD8} = {4E8BBF7E-B760-4181-A2FD-84D526BF39B1}
		{ADB08B90-1675-4438-AEDD-5C6E9EAB013B} = {4E8BBF7E-B760-4181-A2FD-84D526BF39B1}
		{55F0052E-19CC-4CB5-AB5D-AB55FF753F66} = {4E8BBF7E-B760-4181-A2FD-84D526BF39B1}
	EndGlobalSection
	GlobalSection(ExtensibilityGlobals) = postSolution
		SolutionGuid = {7AE988FB-4B1B-48C7-B977-65C131E594E1}
	EndGlobalSection
EndGlobal
